
Microsoft Visual Studio Solution File, Format Version 12.00
# Visual Studio Version 17
VisualStudioVersion = 17.4.33110.190
MinimumVisualStudioVersion = 10.0.40219.1
Project("{8BC9CEB8-8B4A-11D0-8D11-00A0C91BC942}") = "TempHz-imGui", "TempHz-imGui.vcxproj", "{BE074634-83AB-4C1F-BE50-E0C7907F5B65}"
EndProject
Global
	GlobalSection(SolutionConfigurationPlatforms) = preSolution
		Debug|x64 = Debug|x64
		Release|x64 = Release|x64
	EndGlobalSection
	GlobalSection(ProjectConfigurationPlatforms) = postSolution
		{BE074634-83AB-4C1F-BE50-E0C7907F5B65}.Debug|x64.ActiveCfg = Debug|x64
		{BE074634-83AB-4C1F-BE50-E0C7907F5B65}.Debug|x64.Build.0 = Debug|x64
		{BE074634-83AB-4C1F-BE50-E0C7907F5B65}.Release|x64.ActiveCfg = Release|x64
		{BE074634-83AB-4C1F-BE50-E0C7907F5B65}.Release|x64.Build.0 = Release|x64
	EndGlobalSection
	GlobalSection(SolutionProperties) = preSolution
		HideSolutionNode = FALSE
	EndGlobalSection
	GlobalSection(ExtensibilityGlobals) = postSolution
		SolutionGuid = {AA2B3211-2F8A-4FCA-B685-2C51C13428F2}
	EndGlobalSection
EndGlobal
